// !$*UTF8*$!
{
	archiveVersion = 1;
	classes = {
	};
	objectVersion = 56;
	objects = {

/* Begin PBXBuildFile section */
		EBB4D9F22B3062B500FBF38C /* LandmarkRow.swift in Sources */ = {isa = PBXBuildFile; fileRef = EBB4D9F12B3062B500FBF38C /* LandmarkRow.swift */; };
		EBB4D9F42B3064C100FBF38C /* LandmarkList.swift in Sources */ = {isa = PBXBuildFile; fileRef = EBB4D9F32B3064C100FBF38C /* LandmarkList.swift */; };
		EBB4D9F62B30665900FBF38C /* LandmarkDetail.swift in Sources */ = {isa = PBXBuildFile; fileRef = EBB4D9F52B30665900FBF38C /* LandmarkDetail.swift */; };
		EBB4D9F82B30719A00FBF38C /* FavoriteButton.swift in Sources */ = {isa = PBXBuildFile; fileRef = EBB4D9F72B30719A00FBF38C /* FavoriteButton.swift */; };
		EBB4D9FA2B3075C100FBF38C /* HexagonParameters.swift in Sources */ = {isa = PBXBuildFile; fileRef = EBB4D9F92B3075C100FBF38C /* HexagonParameters.swift */; };
		EBB4D9FC2B30769900FBF38C /* BadgeBackground.swift in Sources */ = {isa = PBXBuildFile; fileRef = EBB4D9FB2B30769900FBF38C /* BadgeBackground.swift */; };
		EBB4D9FE2B30884400FBF38C /* BadgeSymbol.swift in Sources */ = {isa = PBXBuildFile; fileRef = EBB4D9FD2B30884400FBF38C /* BadgeSymbol.swift */; };
		EBB4DA002B3088BD00FBF38C /* RotatedBadgeSymbol.swift in Sources */ = {isa = PBXBuildFile; fileRef = EBB4D9FF2B3088BD00FBF38C /* RotatedBadgeSymbol.swift */; };
		EBB4DA022B30890700FBF38C /* Badge.swift in Sources */ = {isa = PBXBuildFile; fileRef = EBB4DA012B30890700FBF38C /* Badge.swift */; };
		EBB4DA052B308C3000FBF38C /* hikeData.json in Resources */ = {isa = PBXBuildFile; fileRef = EBB4DA042B308C3000FBF38C /* hikeData.json */; };
		EBB4DA072B308C4F00FBF38C /* Hike.swift in Sources */ = {isa = PBXBuildFile; fileRef = EBB4DA062B308C4F00FBF38C /* Hike.swift */; };
		EBB4DA0D2B308CD200FBF38C /* GraphCapsule.swift in Sources */ = {isa = PBXBuildFile; fileRef = EBB4DA092B308CD200FBF38C /* GraphCapsule.swift */; };
		EBB4DA0E2B308CD200FBF38C /* HikeGraph.swift in Sources */ = {isa = PBXBuildFile; fileRef = EBB4DA0A2B308CD200FBF38C /* HikeGraph.swift */; };
		EBB4DA0F2B308CD200FBF38C /* HikeDetail.swift in Sources */ = {isa = PBXBuildFile; fileRef = EBB4DA0B2B308CD200FBF38C /* HikeDetail.swift */; };
		EBB4DA102B308CD200FBF38C /* HikeView.swift in Sources */ = {isa = PBXBuildFile; fileRef = EBB4DA0C2B308CD200FBF38C /* HikeView.swift */; };
		EBB4DA132B30959500FBF38C /* CategoryHome.swift in Sources */ = {isa = PBXBuildFile; fileRef = EBB4DA122B30959500FBF38C /* CategoryHome.swift */; };
		EBB4DA152B30988600FBF38C /* CategoryRow.swift in Sources */ = {isa = PBXBuildFile; fileRef = EBB4DA142B30988600FBF38C /* CategoryRow.swift */; };
		EBB4DA172B3099AE00FBF38C /* CategoryItem.swift in Sources */ = {isa = PBXBuildFile; fileRef = EBB4DA162B3099AE00FBF38C /* CategoryItem.swift */; };
		EBB4DA192B30A2BD00FBF38C /* Profile.swift in Sources */ = {isa = PBXBuildFile; fileRef = EBB4DA182B30A2BD00FBF38C /* Profile.swift */; };
		EBB4DA1C2B30A30400FBF38C /* ProfileHost.swift in Sources */ = {isa = PBXBuildFile; fileRef = EBB4DA1B2B30A30400FBF38C /* ProfileHost.swift */; };
		EBB4DA1E2B30A3C400FBF38C /* ProfileSummary.swift in Sources */ = {isa = PBXBuildFile; fileRef = EBB4DA1D2B30A3C400FBF38C /* ProfileSummary.swift */; };
		EBB4DA202B30A5DD00FBF38C /* ProfileEditor.swift in Sources */ = {isa = PBXBuildFile; fileRef = EBB4DA1F2B30A5DD00FBF38C /* ProfileEditor.swift */; };
		EBB4DA232B30AABA00FBF38C /* PageViewController.swift in Sources */ = {isa = PBXBuildFile; fileRef = EBB4DA222B30AABA00FBF38C /* PageViewController.swift */; };
		EBB4DA252B30AC8F00FBF38C /* FeatureCard.swift in Sources */ = {isa = PBXBuildFile; fileRef = EBB4DA242B30AC8F00FBF38C /* FeatureCard.swift */; };
		EBB4DA272B30AE5400FBF38C /* PageView.swift in Sources */ = {isa = PBXBuildFile; fileRef = EBB4DA262B30AE5400FBF38C /* PageView.swift */; };
		EBB4DA292B30DB6500FBF38C /* PageControl.swift in Sources */ = {isa = PBXBuildFile; fileRef = EBB4DA282B30DB6500FBF38C /* PageControl.swift */; };
		EBEA1AFB2B304CA600E99C45 /* LandmarksApp.swift in Sources */ = {isa = PBXBuildFile; fileRef = EBEA1AFA2B304CA600E99C45 /* LandmarksApp.swift */; };
		EBEA1AFD2B304CA600E99C45 /* ContentView.swift in Sources */ = {isa = PBXBuildFile; fileRef = EBEA1AFC2B304CA600E99C45 /* ContentView.swift */; };
		EBEA1AFF2B304CA700E99C45 /* Assets.xcassets in Resources */ = {isa = PBXBuildFile; fileRef = EBEA1AFE2B304CA700E99C45 /* Assets.xcassets */; };
		EBEA1B022B304CA700E99C45 /* Preview Assets.xcassets in Resources */ = {isa = PBXBuildFile; fileRef = EBEA1B012B304CA700E99C45 /* Preview Assets.xcassets */; };
		EBEA1B0C2B304CA700E99C45 /* LandmarksTests.swift in Sources */ = {isa = PBXBuildFile; fileRef = EBEA1B0B2B304CA700E99C45 /* LandmarksTests.swift */; };
		EBEA1B162B304CA700E99C45 /* LandmarksUITests.swift in Sources */ = {isa = PBXBuildFile; fileRef = EBEA1B152B304CA700E99C45 /* LandmarksUITests.swift */; };
		EBEA1B182B304CA700E99C45 /* LandmarksUITestsLaunchTests.swift in Sources */ = {isa = PBXBuildFile; fileRef = EBEA1B172B304CA700E99C45 /* LandmarksUITestsLaunchTests.swift */; };
		EBEA1B252B3055E000E99C45 /* CircleImage.swift in Sources */ = {isa = PBXBuildFile; fileRef = EBEA1B242B3055E000E99C45 /* CircleImage.swift */; };
		EBEA1B272B30575500E99C45 /* MapView.swift in Sources */ = {isa = PBXBuildFile; fileRef = EBEA1B262B30575500E99C45 /* MapView.swift */; };
		EBEA1B292B305B7C00E99C45 /* landmarkData.json in Resources */ = {isa = PBXBuildFile; fileRef = EBEA1B282B305B7C00E99C45 /* landmarkData.json */; };
		EBEA1B2B2B305BCB00E99C45 /* Landmark.swift in Sources */ = {isa = PBXBuildFile; fileRef = EBEA1B2A2B305BCB00E99C45 /* Landmark.swift */; };
		EBEA1B2D2B305D9500E99C45 /* ModelData.swift in Sources */ = {isa = PBXBuildFile; fileRef = EBEA1B2C2B305D9500E99C45 /* ModelData.swift */; };
/* End PBXBuildFile section */

/* Begin PBXContainerItemProxy section */
		EBEA1B082B304CA700E99C45 /* PBXContainerItemProxy */ = {
			isa = PBXContainerItemProxy;
			containerPortal = EBEA1AEF2B304CA600E99C45 /* Project object */;
			proxyType = 1;
			remoteGlobalIDString = EBEA1AF62B304CA600E99C45;
			remoteInfo = Landmarks;
		};
		EBEA1B122B304CA700E99C45 /* PBXContainerItemProxy */ = {
			isa = PBXContainerItemProxy;
			containerPortal = EBEA1AEF2B304CA600E99C45 /* Project object */;
			proxyType = 1;
			remoteGlobalIDString = EBEA1AF62B304CA600E99C45;
			remoteInfo = Landmarks;
		};
/* End PBXContainerItemProxy section */

/* Begin PBXFileReference section */
		EBB4D9F12B3062B500FBF38C /* LandmarkRow.swift */ = {isa = PBXFileReference; lastKnownFileType = sourcecode.swift; path = LandmarkRow.swift; sourceTree = "<group>"; };
		EBB4D9F32B3064C100FBF38C /* LandmarkList.swift */ = {isa = PBXFileReference; lastKnownFileType = sourcecode.swift; path = LandmarkList.swift; sourceTree = "<group>"; };
		EBB4D9F52B30665900FBF38C /* LandmarkDetail.swift */ = {isa = PBXFileReference; lastKnownFileType = sourcecode.swift; path = LandmarkDetail.swift; sourceTree = "<group>"; };
		EBB4D9F72B30719A00FBF38C /* FavoriteButton.swift */ = {isa = PBXFileReference; lastKnownFileType = sourcecode.swift; path = FavoriteButton.swift; sourceTree = "<group>"; };
		EBB4D9F92B3075C100FBF38C /* HexagonParameters.swift */ = {isa = PBXFileReference; lastKnownFileType = sourcecode.swift; path = HexagonParameters.swift; sourceTree = "<group>"; };
		EBB4D9FB2B30769900FBF38C /* BadgeBackground.swift */ = {isa = PBXFileReference; lastKnownFileType = sourcecode.swift; path = BadgeBackground.swift; sourceTree = "<group>"; };
		EBB4D9FD2B30884400FBF38C /* BadgeSymbol.swift */ = {isa = PBXFileReference; lastKnownFileType = sourcecode.swift; path = BadgeSymbol.swift; sourceTree = "<group>"; };
		EBB4D9FF2B3088BD00FBF38C /* RotatedBadgeSymbol.swift */ = {isa = PBXFileReference; lastKnownFileType = sourcecode.swift; path = RotatedBadgeSymbol.swift; sourceTree = "<group>"; };
		EBB4DA012B30890700FBF38C /* Badge.swift */ = {isa = PBXFileReference; lastKnownFileType = sourcecode.swift; path = Badge.swift; sourceTree = "<group>"; };
		EBB4DA042B308C3000FBF38C /* hikeData.json */ = {isa = PBXFileReference; fileEncoding = 4; lastKnownFileType = text.json; path = hikeData.json; sourceTree = "<group>"; };
		EBB4DA062B308C4F00FBF38C /* Hike.swift */ = {isa = PBXFileReference; lastKnownFileType = sourcecode.swift; path = Hike.swift; sourceTree = "<group>"; };
		EBB4DA092B308CD200FBF38C /* GraphCapsule.swift */ = {isa = PBXFileReference; fileEncoding = 4; lastKnownFileType = sourcecode.swift; path = GraphCapsule.swift; sourceTree = "<group>"; };
		EBB4DA0A2B308CD200FBF38C /* HikeGraph.swift */ = {isa = PBXFileReference; fileEncoding = 4; lastKnownFileType = sourcecode.swift; path = HikeGraph.swift; sourceTree = "<group>"; };
		EBB4DA0B2B308CD200FBF38C /* HikeDetail.swift */ = {isa = PBXFileReference; fileEncoding = 4; lastKnownFileType = sourcecode.swift; path = HikeDetail.swift; sourceTree = "<group>"; };
		EBB4DA0C2B308CD200FBF38C /* HikeView.swift */ = {isa = PBXFileReference; fileEncoding = 4; lastKnownFileType = sourcecode.swift; path = HikeView.swift; sourceTree = "<group>"; };
		EBB4DA122B30959500FBF38C /* CategoryHome.swift */ = {isa = PBXFileReference; lastKnownFileType = sourcecode.swift; path = CategoryHome.swift; sourceTree = "<group>"; };
		EBB4DA142B30988600FBF38C /* CategoryRow.swift */ = {isa = PBXFileReference; lastKnownFileType = sourcecode.swift; path = CategoryRow.swift; sourceTree = "<group>"; };
		EBB4DA162B3099AE00FBF38C /* CategoryItem.swift */ = {isa = PBXFileReference; lastKnownFileType = sourcecode.swift; path = CategoryItem.swift; sourceTree = "<group>"; };
		EBB4DA182B30A2BD00FBF38C /* Profile.swift */ = {isa = PBXFileReference; lastKnownFileType = sourcecode.swift; path = Profile.swift; sourceTree = "<group>"; };
		EBB4DA1B2B30A30400FBF38C /* ProfileHost.swift */ = {isa = PBXFileReference; lastKnownFileType = sourcecode.swift; path = ProfileHost.swift; sourceTree = "<group>"; };
		EBB4DA1D2B30A3C400FBF38C /* ProfileSummary.swift */ = {isa = PBXFileReference; lastKnownFileType = sourcecode.swift; path = ProfileSummary.swift; sourceTree = "<group>"; };
		EBB4DA1F2B30A5DD00FBF38C /* ProfileEditor.swift */ = {isa = PBXFileReference; lastKnownFileType = sourcecode.swift; path = ProfileEditor.swift; sourceTree = "<group>"; };
		EBB4DA222B30AABA00FBF38C /* PageViewController.swift */ = {isa = PBXFileReference; lastKnownFileType = sourcecode.swift; path = PageViewController.swift; sourceTree = "<group>"; };
		EBB4DA242B30AC8F00FBF38C /* FeatureCard.swift */ = {isa = PBXFileReference; lastKnownFileType = sourcecode.swift; path = FeatureCard.swift; sourceTree = "<group>"; };
		EBB4DA262B30AE5400FBF38C /* PageView.swift */ = {isa = PBXFileReference; lastKnownFileType = sourcecode.swift; path = PageView.swift; sourceTree = "<group>"; };
		EBB4DA282B30DB6500FBF38C /* PageControl.swift */ = {isa = PBXFileReference; lastKnownFileType = sourcecode.swift; path = PageControl.swift; sourceTree = "<group>"; };
		EBEA1AF72B304CA600E99C45 /* Landmarks.app */ = {isa = PBXFileReference; explicitFileType = wrapper.application; includeInIndex = 0; path = Landmarks.app; sourceTree = BUILT_PRODUCTS_DIR; };
		EBEA1AFA2B304CA600E99C45 /* LandmarksApp.swift */ = {isa = PBXFileReference; lastKnownFileType = sourcecode.swift; path = LandmarksApp.swift; sourceTree = "<group>"; };
		EBEA1AFC2B304CA600E99C45 /* ContentView.swift */ = {isa = PBXFileReference; lastKnownFileType = sourcecode.swift; path = ContentView.swift; sourceTree = "<group>"; };
		EBEA1AFE2B304CA700E99C45 /* Assets.xcassets */ = {isa = PBXFileReference; lastKnownFileType = folder.assetcatalog; path = Assets.xcassets; sourceTree = "<group>"; };
		EBEA1B012B304CA700E99C45 /* Preview Assets.xcassets */ = {isa = PBXFileReference; lastKnownFileType = folder.assetcatalog; path = "Preview Assets.xcassets"; sourceTree = "<group>"; };
		EBEA1B072B304CA700E99C45 /* LandmarksTests.xctest */ = {isa = PBXFileReference; explicitFileType = wrapper.cfbundle; includeInIndex = 0; path = LandmarksTests.xctest; sourceTree = BUILT_PRODUCTS_DIR; };
		EBEA1B0B2B304CA700E99C45 /* LandmarksTests.swift */ = {isa = PBXFileReference; lastKnownFileType = sourcecode.swift; path = LandmarksTests.swift; sourceTree = "<group>"; };
		EBEA1B112B304CA700E99C45 /* LandmarksUITests.xctest */ = {isa = PBXFileReference; explicitFileType = wrapper.cfbundle; includeInIndex = 0; path = LandmarksUITests.xctest; sourceTree = BUILT_PRODUCTS_DIR; };
		EBEA1B152B304CA700E99C45 /* LandmarksUITests.swift */ = {isa = PBXFileReference; lastKnownFileType = sourcecode.swift; path = LandmarksUITests.swift; sourceTree = "<group>"; };
		EBEA1B172B304CA700E99C45 /* LandmarksUITestsLaunchTests.swift */ = {isa = PBXFileReference; lastKnownFileType = sourcecode.swift; path = LandmarksUITestsLaunchTests.swift; sourceTree = "<group>"; };
		EBEA1B242B3055E000E99C45 /* CircleImage.swift */ = {isa = PBXFileReference; lastKnownFileType = sourcecode.swift; path = CircleImage.swift; sourceTree = "<group>"; };
		EBEA1B262B30575500E99C45 /* MapView.swift */ = {isa = PBXFileReference; lastKnownFileType = sourcecode.swift; path = MapView.swift; sourceTree = "<group>"; };
		EBEA1B282B305B7C00E99C45 /* landmarkData.json */ = {isa = PBXFileReference; fileEncoding = 4; lastKnownFileType = text.json; path = landmarkData.json; sourceTree = "<group>"; };
		EBEA1B2A2B305BCB00E99C45 /* Landmark.swift */ = {isa = PBXFileReference; lastKnownFileType = sourcecode.swift; path = Landmark.swift; sourceTree = "<group>"; };
		EBEA1B2C2B305D9500E99C45 /* ModelData.swift */ = {isa = PBXFileReference; lastKnownFileType = sourcecode.swift; path = ModelData.swift; sourceTree = "<group>"; };
/* End PBXFileReference section */

/* Begin PBXFrameworksBuildPhase section */
		EBEA1AF42B304CA600E99C45 /* Frameworks */ = {
			isa = PBXFrameworksBuildPhase;
			buildActionMask = 2147483647;
			files = (
			);
			runOnlyForDeploymentPostprocessing = 0;
		};
		EBEA1B042B304CA700E99C45 /* Frameworks */ = {
			isa = PBXFrameworksBuildPhase;
			buildActionMask = 2147483647;
			files = (
			);
			runOnlyForDeploymentPostprocessing = 0;
		};
		EBEA1B0E2B304CA700E99C45 /* Frameworks */ = {
			isa = PBXFrameworksBuildPhase;
			buildActionMask = 2147483647;
			files = (
			);
			runOnlyForDeploymentPostprocessing = 0;
		};
/* End PBXFrameworksBuildPhase section */

/* Begin PBXGroup section */
		EBB4D9EF2B3060C000FBF38C /* Resources */ = {
			isa = PBXGroup;
			children = (
				EBB4DA042B308C3000FBF38C /* hikeData.json */,
				EBEA1B282B305B7C00E99C45 /* landmarkData.json */,
			);
			path = Resources;
			sourceTree = "<group>";
		};
		EBB4D9F02B30614100FBF38C /* Model */ = {
			isa = PBXGroup;
			children = (
				EBEA1B2A2B305BCB00E99C45 /* Landmark.swift */,
				EBEA1B2C2B305D9500E99C45 /* ModelData.swift */,
				EBB4DA062B308C4F00FBF38C /* Hike.swift */,
				EBB4DA182B30A2BD00FBF38C /* Profile.swift */,
			);
			path = Model;
			sourceTree = "<group>";
		};
		EBB4DA032B308AAD00FBF38C /* Badges */ = {
			isa = PBXGroup;
			children = (
				EBB4D9FB2B30769900FBF38C /* BadgeBackground.swift */,
				EBB4D9FD2B30884400FBF38C /* BadgeSymbol.swift */,
				EBB4D9FF2B3088BD00FBF38C /* RotatedBadgeSymbol.swift */,
				EBB4DA012B30890700FBF38C /* Badge.swift */,
			);
			path = Badges;
			sourceTree = "<group>";
		};
		EBB4DA082B308CD200FBF38C /* Hikes */ = {
			isa = PBXGroup;
			children = (
				EBB4DA092B308CD200FBF38C /* GraphCapsule.swift */,
				EBB4DA0A2B308CD200FBF38C /* HikeGraph.swift */,
				EBB4DA0B2B308CD200FBF38C /* HikeDetail.swift */,
				EBB4DA0C2B308CD200FBF38C /* HikeView.swift */,
			);
			path = Hikes;
			sourceTree = "<group>";
		};
		EBB4DA112B30956F00FBF38C /* Categories */ = {
			isa = PBXGroup;
			children = (
				EBB4DA122B30959500FBF38C /* CategoryHome.swift */,
				EBB4DA142B30988600FBF38C /* CategoryRow.swift */,
				EBB4DA162B3099AE00FBF38C /* CategoryItem.swift */,
			);
			path = Categories;
			sourceTree = "<group>";
		};
		EBB4DA1A2B30A2F100FBF38C /* Profiles */ = {
			isa = PBXGroup;
			children = (
				EBB4DA1B2B30A30400FBF38C /* ProfileHost.swift */,
				EBB4DA1D2B30A3C400FBF38C /* ProfileSummary.swift */,
				EBB4DA1F2B30A5DD00FBF38C /* ProfileEditor.swift */,
			);
			path = Profiles;
			sourceTree = "<group>";
		};
		EBB4DA212B30AA6F00FBF38C /* PageView */ = {
			isa = PBXGroup;
			children = (
				EBB4DA222B30AABA00FBF38C /* PageViewController.swift */,
				EBB4DA262B30AE5400FBF38C /* PageView.swift */,
				EBB4DA282B30DB6500FBF38C /* PageControl.swift */,
			);
			path = PageView;
			sourceTree = "<group>";
		};
		EBEA1AEE2B304CA600E99C45 = {
			isa = PBXGroup;
			children = (
				EBEA1AF92B304CA600E99C45 /* Landmarks */,
				EBEA1B0A2B304CA700E99C45 /* LandmarksTests */,
				EBEA1B142B304CA700E99C45 /* LandmarksUITests */,
				EBEA1AF82B304CA600E99C45 /* Products */,
			);
			sourceTree = "<group>";
		};
		EBEA1AF82B304CA600E99C45 /* Products */ = {
			isa = PBXGroup;
			children = (
				EBEA1AF72B304CA600E99C45 /* Landmarks.app */,
				EBEA1B072B304CA700E99C45 /* LandmarksTests.xctest */,
				EBEA1B112B304CA700E99C45 /* LandmarksUITests.xctest */,
			);
			name = Products;
			sourceTree = "<group>";
		};
		EBEA1AF92B304CA600E99C45 /* Landmarks */ = {
			isa = PBXGroup;
			children = (
				EBB4D9F02B30614100FBF38C /* Model */,
				EBB4D9EF2B3060C000FBF38C /* Resources */,
				EBEA1AFA2B304CA600E99C45 /* LandmarksApp.swift */,
				EBEA1B2E2B30608B00E99C45 /* Views */,
				EBEA1AFE2B304CA700E99C45 /* Assets.xcassets */,
				EBEA1B002B304CA700E99C45 /* Preview Content */,
			);
			path = Landmarks;
			sourceTree = "<group>";
		};
		EBEA1B002B304CA700E99C45 /* Preview Content */ = {
			isa = PBXGroup;
			children = (
				EBEA1B012B304CA700E99C45 /* Preview Assets.xcassets */,
			);
			path = "Preview Content";
			sourceTree = "<group>";
		};
		EBEA1B0A2B304CA700E99C45 /* LandmarksTests */ = {
			isa = PBXGroup;
			children = (
				EBEA1B0B2B304CA700E99C45 /* LandmarksTests.swift */,
			);
			path = LandmarksTests;
			sourceTree = "<group>";
		};
		EBEA1B142B304CA700E99C45 /* LandmarksUITests */ = {
			isa = PBXGroup;
			children = (
				EBEA1B152B304CA700E99C45 /* LandmarksUITests.swift */,
				EBEA1B172B304CA700E99C45 /* LandmarksUITestsLaunchTests.swift */,
			);
			path = LandmarksUITests;
			sourceTree = "<group>";
		};
		EBEA1B2E2B30608B00E99C45 /* Views */ = {
			isa = PBXGroup;
			children = (
				EBB4DA212B30AA6F00FBF38C /* PageView */,
				EBB4DA1A2B30A2F100FBF38C /* Profiles */,
				EBB4DA112B30956F00FBF38C /* Categories */,
				EBB4DA082B308CD200FBF38C /* Hikes */,
				EBEA1B262B30575500E99C45 /* MapView.swift */,
				EBEA1AFC2B304CA600E99C45 /* ContentView.swift */,
				EBEA1B242B3055E000E99C45 /* CircleImage.swift */,
				EBB4D9F12B3062B500FBF38C /* LandmarkRow.swift */,
				EBB4D9F32B3064C100FBF38C /* LandmarkList.swift */,
				EBB4D9F52B30665900FBF38C /* LandmarkDetail.swift */,
				EBB4D9F72B30719A00FBF38C /* FavoriteButton.swift */,
				EBB4D9F92B3075C100FBF38C /* HexagonParameters.swift */,
				EBB4DA032B308AAD00FBF38C /* Badges */,
				EBB4DA242B30AC8F00FBF38C /* FeatureCard.swift */,
			);
			path = Views;
			sourceTree = "<group>";
		};
/* End PBXGroup section */

/* Begin PBXNativeTarget section */
		EBEA1AF62B304CA600E99C45 /* Landmarks */ = {
			isa = PBXNativeTarget;
			buildConfigurationList = EBEA1B1B2B304CA700E99C45 /* Build configuration list for PBXNativeTarget "Landmarks" */;
			buildPhases = (
				EBEA1AF32B304CA600E99C45 /* Sources */,
				EBEA1AF42B304CA600E99C45 /* Frameworks */,
				EBEA1AF52B304CA600E99C45 /* Resources */,
			);
			buildRules = (
			);
			dependencies = (
			);
			name = Landmarks;
			productName = Landmarks;
			productReference = EBEA1AF72B304CA600E99C45 /* Landmarks.app */;
			productType = "com.apple.product-type.application";
		};
		EBEA1B062B304CA700E99C45 /* LandmarksTests */ = {
			isa = PBXNativeTarget;
			buildConfigurationList = EBEA1B1E2B304CA700E99C45 /* Build configuration list for PBXNativeTarget "LandmarksTests" */;
			buildPhases = (
				EBEA1B032B304CA700E99C45 /* Sources */,
				EBEA1B042B304CA700E99C45 /* Frameworks */,
				EBEA1B052B304CA700E99C45 /* Resources */,
			);
			buildRules = (
			);
			dependencies = (
				EBEA1B092B304CA700E99C45 /* PBXTargetDependency */,
			);
			name = LandmarksTests;
			productName = LandmarksTests;
			productReference = EBEA1B072B304CA700E99C45 /* LandmarksTests.xctest */;
			productType = "com.apple.product-type.bundle.unit-test";
		};
		EBEA1B102B304CA700E99C45 /* LandmarksUITests */ = {
			isa = PBXNativeTarget;
			buildConfigurationList = EBEA1B212B304CA700E99C45 /* Build configuration list for PBXNativeTarget "LandmarksUITests" */;
			buildPhases = (
				EBEA1B0D2B304CA700E99C45 /* Sources */,
				EBEA1B0E2B304CA700E99C45 /* Frameworks */,
				EBEA1B0F2B304CA700E99C45 /* Resources */,
			);
			buildRules = (
			);
			dependencies = (
				EBEA1B132B304CA700E99C45 /* PBXTargetDependency */,
			);
			name = LandmarksUITests;
			productName = LandmarksUITests;
			productReference = EBEA1B112B304CA700E99C45 /* LandmarksUITests.xctest */;
			productType = "com.apple.product-type.bundle.ui-testing";
		};
/* End PBXNativeTarget section */

/* Begin PBXProject section */
		EBEA1AEF2B304CA600E99C45 /* Project object */ = {
			isa = PBXProject;
			attributes = {
				BuildIndependentTargetsInParallel = 1;
				LastSwiftUpdateCheck = 1510;
				LastUpgradeCheck = 1510;
				TargetAttributes = {
					EBEA1AF62B304CA600E99C45 = {
						CreatedOnToolsVersion = 15.1;
					};
					EBEA1B062B304CA700E99C45 = {
						CreatedOnToolsVersion = 15.1;
						TestTargetID = EBEA1AF62B304CA600E99C45;
					};
					EBEA1B102B304CA700E99C45 = {
						CreatedOnToolsVersion = 15.1;
						TestTargetID = EBEA1AF62B304CA600E99C45;
					};
				};
			};
			buildConfigurationList = EBEA1AF22B304CA600E99C45 /* Build configuration list for PBXProject "Landmarks" */;
			compatibilityVersion = "Xcode 14.0";
			developmentRegion = en;
			hasScannedForEncodings = 0;
			knownRegions = (
				en,
				Base,
			);
			mainGroup = EBEA1AEE2B304CA600E99C45;
			productRefGroup = EBEA1AF82B304CA600E99C45 /* Products */;
			projectDirPath = "";
			projectRoot = "";
			targets = (
				EBEA1AF62B304CA600E99C45 /* Landmarks */,
				EBEA1B062B304CA700E99C45 /* LandmarksTests */,
				EBEA1B102B304CA700E99C45 /* LandmarksUITests */,
			);
		};
/* End PBXProject section */

/* Begin PBXResourcesBuildPhase section */
		EBEA1AF52B304CA600E99C45 /* Resources */ = {
			isa = PBXResourcesBuildPhase;
			buildActionMask = 2147483647;
			files = (
				EBB4DA052B308C3000FBF38C /* hikeData.json in Resources */,
				EBEA1B022B304CA700E99C45 /* Preview Assets.xcassets in Resources */,
				EBEA1AFF2B304CA700E99C45 /* Assets.xcassets in Resources */,
				EBEA1B292B305B7C00E99C45 /* landmarkData.json in Resources */,
			);
			runOnlyForDeploymentPostprocessing = 0;
		};
		EBEA1B052B304CA700E99C45 /* Resources */ = {
			isa = PBXResourcesBuildPhase;
			buildActionMask = 2147483647;
			files = (
			);
			runOnlyForDeploymentPostprocessing = 0;
		};
		EBEA1B0F2B304CA700E99C45 /* Resources */ = {
			isa = PBXResourcesBuildPhase;
			buildActionMask = 2147483647;
			files = (
			);
			runOnlyForDeploymentPostprocessing = 0;
		};
/* End PBXResourcesBuildPhase section */

/* Begin PBXSourcesBuildPhase section */
		EBEA1AF32B304CA600E99C45 /* Sources */ = {
			isa = PBXSourcesBuildPhase;
			buildActionMask = 2147483647;
			files = (
				EBB4DA152B30988600FBF38C /* CategoryRow.swift in Sources */,
				EBB4DA192B30A2BD00FBF38C /* Profile.swift in Sources */,
				EBB4DA252B30AC8F00FBF38C /* FeatureCard.swift in Sources */,
				EBEA1AFD2B304CA600E99C45 /* ContentView.swift in Sources */,
				EBB4DA132B30959500FBF38C /* CategoryHome.swift in Sources */,
				EBB4DA0E2B308CD200FBF38C /* HikeGraph.swift in Sources */,
				EBB4DA022B30890700FBF38C /* Badge.swift in Sources */,
				EBEA1B272B30575500E99C45 /* MapView.swift in Sources */,
				EBB4DA0D2B308CD200FBF38C /* GraphCapsule.swift in Sources */,
				EBEA1AFB2B304CA600E99C45 /* LandmarksApp.swift in Sources */,
				EBB4D9F82B30719A00FBF38C /* FavoriteButton.swift in Sources */,
				EBB4DA172B3099AE00FBF38C /* CategoryItem.swift in Sources */,
				EBB4DA0F2B308CD200FBF38C /* HikeDetail.swift in Sources */,
				EBB4DA1E2B30A3C400FBF38C /* ProfileSummary.swift in Sources */,
				EBB4D9FA2B3075C100FBF38C /* HexagonParameters.swift in Sources */,
				EBB4DA1C2B30A30400FBF38C /* ProfileHost.swift in Sources */,
				EBB4DA232B30AABA00FBF38C /* PageViewController.swift in Sources */,
				EBB4DA072B308C4F00FBF38C /* Hike.swift in Sources */,
				EBB4DA002B3088BD00FBF38C /* RotatedBadgeSymbol.swift in Sources */,
				EBB4D9FE2B30884400FBF38C /* BadgeSymbol.swift in Sources */,
				EBB4D9F42B3064C100FBF38C /* LandmarkList.swift in Sources */,
				EBB4DA102B308CD200FBF38C /* HikeView.swift in Sources */,
				EBB4D9F62B30665900FBF38C /* LandmarkDetail.swift in Sources */,
				EBB4D9FC2B30769900FBF38C /* BadgeBackground.swift in Sources */,
				EBEA1B252B3055E000E99C45 /* CircleImage.swift in Sources */,
				EBB4DA272B30AE5400FBF38C /* PageView.swift in Sources */,
				EBEA1B2B2B305BCB00E99C45 /* Landmark.swift in Sources */,
				EBB4DA292B30DB6500FBF38C /* PageControl.swift in Sources */,
				EBB4D9F22B3062B500FBF38C /* LandmarkRow.swift in Sources */,
				EBEA1B2D2B305D9500E99C45 /* ModelData.swift in Sources */,
				EBB4DA202B30A5DD00FBF38C /* ProfileEditor.swift in Sources */,
			);
			runOnlyForDeploymentPostprocessing = 0;
		};
		EBEA1B032B304CA700E99C45 /* Sources */ = {
			isa = PBXSourcesBuildPhase;
			buildActionMask = 2147483647;
			files = (
				EBEA1B0C2B304CA700E99C45 /* LandmarksTests.swift in Sources */,
			);
			runOnlyForDeploymentPostprocessing = 0;
		};
		EBEA1B0D2B304CA700E99C45 /* Sources */ = {
			isa = PBXSourcesBuildPhase;
			buildActionMask = 2147483647;
			files = (
				EBEA1B182B304CA700E99C45 /* LandmarksUITestsLaunchTests.swift in Sources */,
				EBEA1B162B304CA700E99C45 /* LandmarksUITests.swift in Sources */,
			);
			runOnlyForDeploymentPostprocessing = 0;
		};
/* End PBXSourcesBuildPhase section */

/* Begin PBXTargetDependency section */
		EBEA1B092B304CA700E99C45 /* PBXTargetDependency */ = {
			isa = PBXTargetDependency;
			target = EBEA1AF62B304CA600E99C45 /* Landmarks */;
			targetProxy = EBEA1B082B304CA700E99C45 /* PBXContainerItemProxy */;
		};
		EBEA1B132B304CA700E99C45 /* PBXTargetDependency */ = {
			isa = PBXTargetDependency;
			target = EBEA1AF62B304CA600E99C45 /* Landmarks */;
			targetProxy = EBEA1B122B304CA700E99C45 /* PBXContainerItemProxy */;
		};
/* End PBXTargetDependency section */

/* Begin XCBuildConfiguration section */
		EBEA1B192B304CA700E99C45 /* Debug */ = {
			isa = XCBuildConfiguration;
			buildSettings = {
				ALWAYS_SEARCH_USER_PATHS = NO;
				ASSETCATALOG_COMPILER_GENERATE_SWIFT_ASSET_SYMBOL_EXTENSIONS = YES;
				CLANG_ANALYZER_NONNULL = YES;
				CLANG_ANALYZER_NUMBER_OBJECT_CONVERSION = YES_AGGRESSIVE;
				CLANG_CXX_LANGUAGE_STANDARD = "gnu++20";
				CLANG_ENABLE_MODULES = YES;
				CLANG_ENABLE_OBJC_ARC = YES;
				CLANG_ENABLE_OBJC_WEAK = YES;
				CLANG_WARN_BLOCK_CAPTURE_AUTORELEASING = YES;
				CLANG_WARN_BOOL_CONVERSION = YES;
				CLANG_WARN_COMMA = YES;
				CLANG_WARN_CONSTANT_CONVERSION = YES;
				CLANG_WARN_DEPRECATED_OBJC_IMPLEMENTATIONS = YES;
				CLANG_WARN_DIRECT_OBJC_ISA_USAGE = YES_ERROR;
				CLANG_WARN_DOCUMENTATION_COMMENTS = YES;
				CLANG_WARN_EMPTY_BODY = YES;
				CLANG_WARN_ENUM_CONVERSION = YES;
				CLANG_WARN_INFINITE_RECURSION = YES;
				CLANG_WARN_INT_CONVERSION = YES;
				CLANG_WARN_NON_LITERAL_NULL_CONVERSION = YES;
				CLANG_WARN_OBJC_IMPLICIT_RETAIN_SELF = YES;
				CLANG_WARN_OBJC_LITERAL_CONVERSION = YES;
				CLANG_WARN_OBJC_ROOT_CLASS = YES_ERROR;
				CLANG_WARN_QUOTED_INCLUDE_IN_FRAMEWORK_HEADER = YES;
				CLANG_WARN_RANGE_LOOP_ANALYSIS = YES;
				CLANG_WARN_STRICT_PROTOTYPES = YES;
				CLANG_WARN_SUSPICIOUS_MOVE = YES;
				CLANG_WARN_UNGUARDED_AVAILABILITY = YES_AGGRESSIVE;
				CLANG_WARN_UNREACHABLE_CODE = YES;
				CLANG_WARN__DUPLICATE_METHOD_MATCH = YES;
				COPY_PHASE_STRIP = NO;
				DEBUG_INFORMATION_FORMAT = dwarf;
				ENABLE_STRICT_OBJC_MSGSEND = YES;
				ENABLE_TESTABILITY = YES;
				ENABLE_USER_SCRIPT_SANDBOXING = YES;
				GCC_C_LANGUAGE_STANDARD = gnu17;
				GCC_DYNAMIC_NO_PIC = NO;
				GCC_NO_COMMON_BLOCKS = YES;
				GCC_OPTIMIZATION_LEVEL = 0;
				GCC_PREPROCESSOR_DEFINITIONS = (
					"DEBUG=1",
					"$(inherited)",
				);
				GCC_WARN_64_TO_32_BIT_CONVERSION = YES;
				GCC_WARN_ABOUT_RETURN_TYPE = YES_ERROR;
				GCC_WARN_UNDECLARED_SELECTOR = YES;
				GCC_WARN_UNINITIALIZED_AUTOS = YES_AGGRESSIVE;
				GCC_WARN_UNUSED_FUNCTION = YES;
				GCC_WARN_UNUSED_VARIABLE = YES;
				IPHONEOS_DEPLOYMENT_TARGET = 17.2;
				LOCALIZATION_PREFERS_STRING_CATALOGS = YES;
				MTL_ENABLE_DEBUG_INFO = INCLUDE_SOURCE;
				MTL_FAST_MATH = YES;
				ONLY_ACTIVE_ARCH = YES;
				SDKROOT = iphoneos;
				SWIFT_ACTIVE_COMPILATION_CONDITIONS = "DEBUG $(inherited)";
				SWIFT_OPTIMIZATION_LEVEL = "-Onone";
			};
			name = Debug;
		};
		EBEA1B1A2B304CA700E99C45 /* Release */ = {
			isa = XCBuildConfiguration;
			buildSettings = {
				ALWAYS_SEARCH_USER_PATHS = NO;
				ASSETCATALOG_COMPILER_GENERATE_SWIFT_ASSET_SYMBOL_EXTENSIONS = YES;
				CLANG_ANALYZER_NONNULL = YES;
				CLANG_ANALYZER_NUMBER_OBJECT_CONVERSION = YES_AGGRESSIVE;
				CLANG_CXX_LANGUAGE_STANDARD = "gnu++20";
				CLANG_ENABLE_MODULES = YES;
				CLANG_ENABLE_OBJC_ARC = YES;
				CLANG_ENABLE_OBJC_WEAK = YES;
				CLANG_WARN_BLOCK_CAPTURE_AUTORELEASING = YES;
				CLANG_WARN_BOOL_CONVERSION = YES;
				CLANG_WARN_COMMA = YES;
				CLANG_WARN_CONSTANT_CONVERSION = YES;
				CLANG_WARN_DEPRECATED_OBJC_IMPLEMENTATIONS = YES;
				CLANG_WARN_DIRECT_OBJC_ISA_USAGE = YES_ERROR;
				CLANG_WARN_DOCUMENTATION_COMMENTS = YES;
				CLANG_WARN_EMPTY_BODY = YES;
				CLANG_WARN_ENUM_CONVERSION = YES;
				CLANG_WARN_INFINITE_RECURSION = YES;
				CLANG_WARN_INT_CONVERSION = YES;
				CLANG_WARN_NON_LITERAL_NULL_CONVERSION = YES;
				CLANG_WARN_OBJC_IMPLICIT_RETAIN_SELF = YES;
				CLANG_WARN_OBJC_LITERAL_CONVERSION = YES;
				CLANG_WARN_OBJC_ROOT_CLASS = YES_ERROR;
				CLANG_WARN_QUOTED_INCLUDE_IN_FRAMEWORK_HEADER = YES;
				CLANG_WARN_RANGE_LOOP_ANALYSIS = YES;
				CLANG_WARN_STRICT_PROTOTYPES = YES;
				CLANG_WARN_SUSPICIOUS_MOVE = YES;
				CLANG_WARN_UNGUARDED_AVAILABILITY = YES_AGGRESSIVE;
				CLANG_WARN_UNREACHABLE_CODE = YES;
				CLANG_WARN__DUPLICATE_METHOD_MATCH = YES;
				COPY_PHASE_STRIP = NO;
				DEBUG_INFORMATION_FORMAT = "dwarf-with-dsym";
				ENABLE_NS_ASSERTIONS = NO;
				ENABLE_STRICT_OBJC_MSGSEND = YES;
				ENABLE_USER_SCRIPT_SANDBOXING = YES;
				GCC_C_LANGUAGE_STANDARD = gnu17;
				GCC_NO_COMMON_BLOCKS = YES;
				GCC_WARN_64_TO_32_BIT_CONVERSION = YES;
				GCC_WARN_ABOUT_RETURN_TYPE = YES_ERROR;
				GCC_WARN_UNDECLARED_SELECTOR = YES;
				GCC_WARN_UNINITIALIZED_AUTOS = YES_AGGRESSIVE;
				GCC_WARN_UNUSED_FUNCTION = YES;
				GCC_WARN_UNUSED_VARIABLE = YES;
				IPHONEOS_DEPLOYMENT_TARGET = 17.2;
				LOCALIZATION_PREFERS_STRING_CATALOGS = YES;
				MTL_ENABLE_DEBUG_INFO = NO;
				MTL_FAST_MATH = YES;
				SDKROOT = iphoneos;
				SWIFT_COMPILATION_MODE = wholemodule;
				VALIDATE_PRODUCT = YES;
			};
			name = Release;
		};
		EBEA1B1C2B304CA700E99C45 /* Debug */ = {
			isa = XCBuildConfiguration;
			buildSettings = {
				ASSETCATALOG_COMPILER_APPICON_NAME = AppIcon;
				ASSETCATALOG_COMPILER_GLOBAL_ACCENT_COLOR_NAME = AccentColor;
				CODE_SIGN_STYLE = Automatic;
				CURRENT_PROJECT_VERSION = 1;
				DEVELOPMENT_ASSET_PATHS = "\"Landmarks/Preview Content\"";
				ENABLE_PREVIEWS = YES;
				GENERATE_INFOPLIST_FILE = YES;
				INFOPLIST_KEY_UIApplicationSceneManifest_Generation = YES;
				INFOPLIST_KEY_UIApplicationSupportsIndirectInputEvents = YES;
				INFOPLIST_KEY_UILaunchScreen_Generation = YES;
				INFOPLIST_KEY_UISupportedInterfaceOrientations_iPad = "UIInterfaceOrientationPortrait UIInterfaceOrientationPortraitUpsideDown UIInterfaceOrientationLandscapeLeft UIInterfaceOrientationLandscapeRight";
				INFOPLIST_KEY_UISupportedInterfaceOrientations_iPhone = "UIInterfaceOrientationPortrait UIInterfaceOrientationLandscapeLeft UIInterfaceOrientationLandscapeRight";
				LD_RUNPATH_SEARCH_PATHS = (
					"$(inherited)",
					"@executable_path/Frameworks",
				);
				MARKETING_VERSION = 1.0;
				PRODUCT_BUNDLE_IDENTIFIER = ch.sebug.Landmarks;
				PRODUCT_NAME = "$(TARGET_NAME)";
				SWIFT_EMIT_LOC_STRINGS = YES;
				SWIFT_VERSION = 5.0;
				TARGETED_DEVICE_FAMILY = "1,2";
			};
			name = Debug;
		};
		EBEA1B1D2B304CA700E99C45 /* Release */ = {
			isa = XCBuildConfiguration;
			buildSettings = {
				ASSETCATALOG_COMPILER_APPICON_NAME = AppIcon;
				ASSETCATALOG_COMPILER_GLOBAL_ACCENT_COLOR_NAME = AccentColor;
				CODE_SIGN_STYLE = Automatic;
				CURRENT_PROJECT_VERSION = 1;
				DEVELOPMENT_ASSET_PATHS = "\"Landmarks/Preview Content\"";
				ENABLE_PREVIEWS = YES;
				GENERATE_INFOPLIST_FILE = YES;
				INFOPLIST_KEY_UIApplicationSceneManifest_Generation = YES;
				INFOPLIST_KEY_UIApplicationSupportsIndirectInputEvents = YES;
				INFOPLIST_KEY_UILaunchScreen_Generation = YES;
				INFOPLIST_KEY_UISupportedInterfaceOrientations_iPad = "UIInterfaceOrientationPortrait UIInterfaceOrientationPortraitUpsideDown UIInterfaceOrientationLandscapeLeft UIInterfaceOrientationLandscapeRight";
				INFOPLIST_KEY_UISupportedInterfaceOrientations_iPhone = "UIInterfaceOrientationPortrait UIInterfaceOrientationLandscapeLeft UIInterfaceOrientationLandscapeRight";
				LD_RUNPATH_SEARCH_PATHS = (
					"$(inherited)",
					"@executable_path/Frameworks",
				);
				MARKETING_VERSION = 1.0;
				PRODUCT_BUNDLE_IDENTIFIER = ch.sebug.Landmarks;
				PRODUCT_NAME = "$(TARGET_NAME)";
				SWIFT_EMIT_LOC_STRINGS = YES;
				SWIFT_VERSION = 5.0;
				TARGETED_DEVICE_FAMILY = "1,2";
			};
			name = Release;
		};
		EBEA1B1F2B304CA700E99C45 /* Debug */ = {
			isa = XCBuildConfiguration;
			buildSettings = {
				ALWAYS_EMBED_SWIFT_STANDARD_LIBRARIES = YES;
				BUNDLE_LOADER = "$(TEST_HOST)";
				CODE_SIGN_STYLE = Automatic;
				CURRENT_PROJECT_VERSION = 1;
				GENERATE_INFOPLIST_FILE = YES;
				IPHONEOS_DEPLOYMENT_TARGET = 17.2;
				MARKETING_VERSION = 1.0;
				PRODUCT_BUNDLE_IDENTIFIER = ch.sebug.LandmarksTests;
				PRODUCT_NAME = "$(TARGET_NAME)";
				SWIFT_EMIT_LOC_STRINGS = NO;
				SWIFT_VERSION = 5.0;
				TARGETED_DEVICE_FAMILY = "1,2";
				TEST_HOST = "$(BUILT_PRODUCTS_DIR)/Landmarks.app/$(BUNDLE_EXECUTABLE_FOLDER_PATH)/Landmarks";
			};
			name = Debug;
		};
		EBEA1B202B304CA700E99C45 /* Release */ = {
			isa = XCBuildConfiguration;
			buildSettings = {
				ALWAYS_EMBED_SWIFT_STANDARD_LIBRARIES = YES;
				BUNDLE_LOADER = "$(TEST_HOST)";
				CODE_SIGN_STYLE = Automatic;
				CURRENT_PROJECT_VERSION = 1;
				GENERATE_INFOPLIST_FILE = YES;
				IPHONEOS_DEPLOYMENT_TARGET = 17.2;
				MARKETING_VERSION = 1.0;
				PRODUCT_BUNDLE_IDENTIFIER = ch.sebug.LandmarksTests;
				PRODUCT_NAME = "$(TARGET_NAME)";
				SWIFT_EMIT_LOC_STRINGS = NO;
				SWIFT_VERSION = 5.0;
				TARGETED_DEVICE_FAMILY = "1,2";
				TEST_HOST = "$(BUILT_PRODUCTS_DIR)/Landmarks.app/$(BUNDLE_EXECUTABLE_FOLDER_PATH)/Landmarks";
			};
			name = Release;
		};
		EBEA1B222B304CA700E99C45 /* Debug */ = {
			isa = XCBuildConfiguration;
			buildSettings = {
				ALWAYS_EMBED_SWIFT_STANDARD_LIBRARIES = YES;
				CODE_SIGN_STYLE = Automatic;
				CURRENT_PROJECT_VERSION = 1;
				GENERATE_INFOPLIST_FILE = YES;
				MARKETING_VERSION = 1.0;
				PRODUCT_BUNDLE_IDENTIFIER = ch.sebug.LandmarksUITests;
				PRODUCT_NAME = "$(TARGET_NAME)";
				SWIFT_EMIT_LOC_STRINGS = NO;
				SWIFT_VERSION = 5.0;
				TARGETED_DEVICE_FAMILY = "1,2";
				TEST_TARGET_NAME = Landmarks;
			};
			name = Debug;
		};
		EBEA1B232B304CA700E99C45 /* Release */ = {
			isa = XCBuildConfiguration;
			buildSettings = {
				ALWAYS_EMBED_SWIFT_STANDARD_LIBRARIES = YES;
				CODE_SIGN_STYLE = Automatic;
				CURRENT_PROJECT_VERSION = 1;
				GENERATE_INFOPLIST_FILE = YES;
				MARKETING_VERSION = 1.0;
				PRODUCT_BUNDLE_IDENTIFIER = ch.sebug.LandmarksUITests;
				PRODUCT_NAME = "$(TARGET_NAME)";
				SWIFT_EMIT_LOC_STRINGS = NO;
				SWIFT_VERSION = 5.0;
				TARGETED_DEVICE_FAMILY = "1,2";
				TEST_TARGET_NAME = Landmarks;
			};
			name = Release;
		};
/* End XCBuildConfiguration section */

/* Begin XCConfigurationList section */
		EBEA1AF22B304CA600E99C45 /* Build configuration list for PBXProject "Landmarks" */ = {
			isa = XCConfigurationList;
			buildConfigurations = (
				EBEA1B192B304CA700E99C45 /* Debug */,
				EBEA1B1A2B304CA700E99C45 /* Release */,
			);
			defaultConfigurationIsVisible = 0;
			defaultConfigurationName = Release;
		};
		EBEA1B1B2B304CA700E99C45 /* Build configuration list for PBXNativeTarget "Landmarks" */ = {
			isa = XCConfigurationList;
			buildConfigurations = (
				EBEA1B1C2B304CA700E99C45 /* Debug */,
				EBEA1B1D2B304CA700E99C45 /* Release */,
			);
			defaultConfigurationIsVisible = 0;
			defaultConfigurationName = Release;
		};
		EBEA1B1E2B304CA700E99C45 /* Build configuration list for PBXNativeTarget "LandmarksTests" */ = {
			isa = XCConfigurationList;
			buildConfigurations = (
				EBEA1B1F2B304CA700E99C45 /* Debug */,
				EBEA1B202B304CA700E99C45 /* Release */,
			);
			defaultConfigurationIsVisible = 0;
			defaultConfigurationName = Release;
		};
		EBEA1B212B304CA700E99C45 /* Build configuration list for PBXNativeTarget "LandmarksUITests" */ = {
			isa = XCConfigurationList;
			buildConfigurations = (
				EBEA1B222B304CA700E99C45 /* Debug */,
				EBEA1B232B304CA700E99C45 /* Release */,
			);
			defaultConfigurationIsVisible = 0;
			defaultConfigurationName = Release;
		};
/* End XCConfigurationList section */
	};
	rootObject = EBEA1AEF2B304CA600E99C45 /* Project object */;
}
